
Microsoft Visual Studio Solution File, Format Version 12.00
# Visual Studio 15
VisualStudioVersion = 15.0.27428.2043
MinimumVisualStudioVersion = 10.0.40219.1
Project("{FAE04EC0-301F-11D3-BF4B-00C04F79EFBC}") = "CarDealer", "CarDealer.csproj", "{75B4173B-6639-4E69-916B-750A14EFD48E}"
EndProject
Global
	GlobalSection(SolutionConfigurationPlatforms) = preSolution
		Debug|Any CPU = Debug|Any CPU
		Release|Any CPU = Release|Any CPU
	EndGlobalSection
	GlobalSection(ProjectConfigurationPlatforms) = postSolution
		{75B4173B-6639-4E69-916B-750A14EFD48E}.Debug|Any CPU.ActiveCfg = Debug|Any CPU
		{75B4173B-6639-4E69-916B-750A14EFD48E}.Debug|Any CPU.Build.0 = Debug|Any CPU
		{75B4173B-6639-4E69-916B-750A14EFD48E}.Release|Any CPU.ActiveCfg = Release|Any CPU
		{75B4173B-6639-4E69-916B-750A14EFD48E}.Release|Any CPU.Build.0 = Release|Any CPU
	EndGlobalSection
	GlobalSection(SolutionProperties) = preSolution
		HideSolutionNode = FALSE
	EndGlobalSection
	GlobalSection(ExtensibilityGlobals) = postSolution
		SolutionGuid = {EF094E7F-6FAD-4957-A058-F30AED4B7993}
	EndGlobalSection
EndGlobal
